
Microsoft Visual Studio Solution File, Format Version 12.00
# Visual Studio 15
Project("{FAE04EC0-301F-11D3-BF4B-00C04F79EFBC}") = "aptmgt.webui", "aptmgt.webui.csproj", "{1B02CB2B-5AB9-414C-B460-296E6F233818}"
EndProject
Global
	GlobalSection(SolutionConfigurationPlatforms) = preSolution
		Debug|Any CPU = Debug|Any CPU
		Release|Any CPU = Release|Any CPU
	EndGlobalSection
	GlobalSection(ProjectConfigurationPlatforms) = postSolution
		{1B02CB2B-5AB9-414C-B460-296E6F233818}.Debug|Any CPU.ActiveCfg = Debug|Any CPU
		{1B02CB2B-5AB9-414C-B460-296E6F233818}.Debug|Any CPU.Build.0 = Debug|Any CPU
		{1B02CB2B-5AB9-414C-B460-296E6F233818}.Release|Any CPU.ActiveCfg = Release|Any CPU
		{1B02CB2B-5AB9-414C-B460-296E6F233818}.Release|Any CPU.Build.0 = Release|Any CPU
	EndGlobalSection
EndGlobal
