
Microsoft Visual Studio Solution File, Format Version 12.00
# Visual Studio 15
Project("{FAE04EC0-301F-11D3-BF4B-00C04F79EFBC}") = "aptmgt.webui", "aptmgt.webui\aptmgt.webui.csproj", "{14DA9606-4476-4381-BA23-407A459E73C7}"
EndProject
Project("{FAE04EC0-301F-11D3-BF4B-00C04F79EFBC}") = "aptmgt.utility", "aptmgt.utility\aptmgt.utility.csproj", "{716C9044-A493-4608-A30F-C11FEAD7894A}"
EndProject
Project("{FAE04EC0-301F-11D3-BF4B-00C04F79EFBC}") = "aptmgt.webapi", "aptmgt.webapi\aptmgt.webapi.csproj", "{910CDD37-9EF3-4EA9-85D8-D18FD66876FA}"
EndProject
Project("{FAE04EC0-301F-11D3-BF4B-00C04F79EFBC}") = "aptmgt.entity", "aptmgt.entity\aptmgt.entity.csproj", "{3FF70D4C-8A3B-4FC9-952D-E0D75D8F135D}"
EndProject
Global
	GlobalSection(SolutionConfigurationPlatforms) = preSolution
		Debug|Any CPU = Debug|Any CPU
		Release|Any CPU = Release|Any CPU
	EndGlobalSection
	GlobalSection(ProjectConfigurationPlatforms) = postSolution
		{14DA9606-4476-4381-BA23-407A459E73C7}.Debug|Any CPU.ActiveCfg = Debug|Any CPU
		{14DA9606-4476-4381-BA23-407A459E73C7}.Debug|Any CPU.Build.0 = Debug|Any CPU
		{14DA9606-4476-4381-BA23-407A459E73C7}.Release|Any CPU.ActiveCfg = Release|Any CPU
		{14DA9606-4476-4381-BA23-407A459E73C7}.Release|Any CPU.Build.0 = Release|Any CPU
		{716C9044-A493-4608-A30F-C11FEAD7894A}.Debug|Any CPU.ActiveCfg = Debug|Any CPU
		{716C9044-A493-4608-A30F-C11FEAD7894A}.Debug|Any CPU.Build.0 = Debug|Any CPU
		{716C9044-A493-4608-A30F-C11FEAD7894A}.Release|Any CPU.ActiveCfg = Release|Any CPU
		{716C9044-A493-4608-A30F-C11FEAD7894A}.Release|Any CPU.Build.0 = Release|Any CPU
		{910CDD37-9EF3-4EA9-85D8-D18FD66876FA}.Debug|Any CPU.ActiveCfg = Debug|Any CPU
		{910CDD37-9EF3-4EA9-85D8-D18FD66876FA}.Debug|Any CPU.Build.0 = Debug|Any CPU
		{910CDD37-9EF3-4EA9-85D8-D18FD66876FA}.Release|Any CPU.ActiveCfg = Release|Any CPU
		{910CDD37-9EF3-4EA9-85D8-D18FD66876FA}.Release|Any CPU.Build.0 = Release|Any CPU
		{3FF70D4C-8A3B-4FC9-952D-E0D75D8F135D}.Debug|Any CPU.ActiveCfg = Debug|Any CPU
		{3FF70D4C-8A3B-4FC9-952D-E0D75D8F135D}.Debug|Any CPU.Build.0 = Debug|Any CPU
		{3FF70D4C-8A3B-4FC9-952D-E0D75D8F135D}.Release|Any CPU.ActiveCfg = Release|Any CPU
		{3FF70D4C-8A3B-4FC9-952D-E0D75D8F135D}.Release|Any CPU.Build.0 = Release|Any CPU
	EndGlobalSection
EndGlobal
